# This file is machine-generated by `gh actions-lock`.
# Do not edit by hand; run `gh actions-lock` to update.
# Docs: https://gh.io/actions-lockfile
version: 'v0.0.2'
workflows:
    '.github/workflows/codeql.yml':
        - 'actions/checkout@3d3c42e5aac5ba805825da76410c181273ba90b1'
        - 'github/codeql-action@1c5b675653bb5c22dbe9b12b556ec555138e09fd'
    '.github/workflows/push-email-notify.yml':
        - 'hyperpolymath/smtp-notify-action@22e7bdb322c430c1d0dac6b3bb307f4bb139d0be'
dependencies:
    'actions/checkout@3d3c42e5aac5ba805825da76410c181273ba90b1':
        ref: 'v7.0.1'
        commit: 'sha1-3d3c42e5aac5ba805825da76410c181273ba90b1'
        owner_id: 44036562
        repo_id: 197814629
    'github/codeql-action@1c5b675653bb5c22dbe9b12b556ec555138e09fd':
        ref: 'v4.38.1'
        commit: 'sha1-1c5b675653bb5c22dbe9b12b556ec555138e09fd'
        owner_id: 9919
        repo_id: 259445878
    'hyperpolymath/smtp-notify-action@22e7bdb322c430c1d0dac6b3bb307f4bb139d0be':
        ref: 'v0.3.0'
        commit: 'sha1-22e7bdb322c430c1d0dac6b3bb307f4bb139d0be'
        owner_id: 6759885
        repo_id: 1352485172
